// !$*UTF8*$!
{
	archiveVersion = 1;
	classes = {
	};
	objectVersion = 55;
	objects = {

/* Begin PBXBuildFile section */
		319ACECA278304CF00870690 /* AppDelegate.swift in Sources */ = {isa = PBXBuildFile; fileRef = 319ACEC9278304CF00870690 /* AppDelegate.swift */; };
		319ACECC278304CF00870690 /* SceneDelegate.swift in Sources */ = {isa = PBXBuildFile; fileRef = 319ACECB278304CF00870690 /* SceneDelegate.swift */; };
		319ACECE278304CF00870690 /* ViewController.swift in Sources */ = {isa = PBXBuildFile; fileRef = 319ACECD278304CF00870690 /* ViewController.swift */; };
		319ACED1278304CF00870690 /* Main.storyboard in Resources */ = {isa = PBXBuildFile; fileRef = 319ACECF278304CF00870690 /* Main.storyboard */; };
		319ACED3278304D300870690 /* Assets.xcassets in Resources */ = {isa = PBXBuildFile; fileRef = 319ACED2278304D300870690 /* Assets.xcassets */; };
		319ACED6278304D300870690 /* LaunchScreen.storyboard in Resources */ = {isa = PBXBuildFile; fileRef = 319ACED4278304D300870690 /* LaunchScreen.storyboard */; };
		319ACEDE2783051F00870690 /* CompositionalCollectionViewCell.swift in Sources */ = {isa = PBXBuildFile; fileRef = 319ACEDD2783051F00870690 /* CompositionalCollectionViewCell.swift */; };
		319ACEE027830B6300870690 /* Constants.swift in Sources */ = {isa = PBXBuildFile; fileRef = 319ACEDF27830B6300870690 /* Constants.swift */; };
		319ACEE227832EE000870690 /* CompositionalLayout.swift in Sources */ = {isa = PBXBuildFile; fileRef = 319ACEE127832EE000870690 /* CompositionalLayout.swift */; };
		319ACEE82784272000870690 /* PresentationViewController.swift in Sources */ = {isa = PBXBuildFile; fileRef = 319ACEE72784272000870690 /* PresentationViewController.swift */; };
/* End PBXBuildFile section */

/* Begin PBXFileReference section */
		319ACEC6278304CF00870690 /* CollectionViewCompositionalLayout.app */ = {isa = PBXFileReference; explicitFileType = wrapper.application; includeInIndex = 0; path = CollectionViewCompositionalLayout.app; sourceTree = BUILT_PRODUCTS_DIR; };
		319ACEC9278304CF00870690 /* AppDelegate.swift */ = {isa = PBXFileReference; lastKnownFileType = sourcecode.swift; path = AppDelegate.swift; sourceTree = "<group>"; };
		319ACECB278304CF00870690 /* SceneDelegate.swift */ = {isa = PBXFileReference; lastKnownFileType = sourcecode.swift; path = SceneDelegate.swift; sourceTree = "<group>"; };
		319ACECD278304CF00870690 /* ViewController.swift */ = {isa = PBXFileReference; lastKnownFileType = sourcecode.swift; path = ViewController.swift; sourceTree = "<group>"; };
		319ACED0278304CF00870690 /* Base */ = {isa = PBXFileReference; lastKnownFileType = file.storyboard; name = Base; path = Base.lproj/Main.storyboard; sourceTree = "<group>"; };
		319ACED2278304D300870690 /* Assets.xcassets */ = {isa = PBXFileReference; lastKnownFileType = folder.assetcatalog; path = Assets.xcassets; sourceTree = "<group>"; };
		319ACED5278304D300870690 /* Base */ = {isa = PBXFileReference; lastKnownFileType = file.storyboard; name = Base; path = Base.lproj/LaunchScreen.storyboard; sourceTree = "<group>"; };
		319ACED7278304D300870690 /* Info.plist */ = {isa = PBXFileReference; lastKnownFileType = text.plist.xml; path = Info.plist; sourceTree = "<group>"; };
		319ACEDD2783051F00870690 /* CompositionalCollectionViewCell.swift */ = {isa = PBXFileReference; lastKnownFileType = sourcecode.swift; path = CompositionalCollectionViewCell.swift; sourceTree = "<group>"; };
		319ACEDF27830B6300870690 /* Constants.swift */ = {isa = PBXFileReference; lastKnownFileType = sourcecode.swift; path = Constants.swift; sourceTree = "<group>"; };
		319ACEE127832EE000870690 /* CompositionalLayout.swift */ = {isa = PBXFileReference; lastKnownFileType = sourcecode.swift; path = CompositionalLayout.swift; sourceTree = "<group>"; };
		319ACEE72784272000870690 /* PresentationViewController.swift */ = {isa = PBXFileReference; lastKnownFileType = sourcecode.swift; path = PresentationViewController.swift; sourceTree = "<group>"; };
/* End PBXFileReference section */

/* Begin PBXFrameworksBuildPhase section */
		319ACEC3278304CF00870690 /* Frameworks */ = {
			isa = PBXFrameworksBuildPhase;
			buildActionMask = 2147483647;
			files = (
			);
			runOnlyForDeploymentPostprocessing = 0;
		};
/* End PBXFrameworksBuildPhase section */

/* Begin PBXGroup section */
		319ACEBD278304CF00870690 = {
			isa = PBXGroup;
			children = (
				319ACEC8278304CF00870690 /* CollectionViewCompositionalLayout */,
				319ACEC7278304CF00870690 /* Products */,
			);
			sourceTree = "<group>";
		};
		319ACEC7278304CF00870690 /* Products */ = {
			isa = PBXGroup;
			children = (
				319ACEC6278304CF00870690 /* CollectionViewCompositionalLayout.app */,
			);
			name = Products;
			sourceTree = "<group>";
		};
		319ACEC8278304CF00870690 /* CollectionViewCompositionalLayout */ = {
			isa = PBXGroup;
			children = (
				319ACEC9278304CF00870690 /* AppDelegate.swift */,
				319ACECB278304CF00870690 /* SceneDelegate.swift */,
				319ACECD278304CF00870690 /* ViewController.swift */,
				319ACEDD2783051F00870690 /* CompositionalCollectionViewCell.swift */,
				319ACEDF27830B6300870690 /* Constants.swift */,
				319ACECF278304CF00870690 /* Main.storyboard */,
				319ACED2278304D300870690 /* Assets.xcassets */,
				319ACED4278304D300870690 /* LaunchScreen.storyboard */,
				319ACED7278304D300870690 /* Info.plist */,
				319ACEE127832EE000870690 /* CompositionalLayout.swift */,
				319ACEE72784272000870690 /* PresentationViewController.swift */,
			);
			path = CollectionViewCompositionalLayout;
			sourceTree = "<group>";
		};
/* End PBXGroup section */

/* Begin PBXNativeTarget section */
		319ACEC5278304CF00870690 /* CollectionViewCompositionalLayout */ = {
			isa = PBXNativeTarget;
			buildConfigurationList = 319ACEDA278304D300870690 /* Build configuration list for PBXNativeTarget "CollectionViewCompositionalLayout" */;
			buildPhases = (
				319ACEC2278304CF00870690 /* Sources */,
				319ACEC3278304CF00870690 /* Frameworks */,
				319ACEC4278304CF00870690 /* Resources */,
			);
			buildRules = (
			);
			dependencies = (
			);
			name = CollectionViewCompositionalLayout;
			productName = CollectionViewCompositionalLayout;
			productReference = 319ACEC6278304CF00870690 /* CollectionViewCompositionalLayout.app */;
			productType = "com.apple.product-type.application";
		};
/* End PBXNativeTarget section */

/* Begin PBXProject section */
		319ACEBE278304CF00870690 /* Project object */ = {
			isa = PBXProject;
			attributes = {
				BuildIndependentTargetsInParallel = 1;
				LastSwiftUpdateCheck = 1320;
				LastUpgradeCheck = 1320;
				TargetAttributes = {
					319ACEC5278304CF00870690 = {
						CreatedOnToolsVersion = 13.2;
					};
				};
			};
			buildConfigurationList = 319ACEC1278304CF00870690 /* Build configuration list for PBXProject "CollectionViewCompositionalLayout" */;
			compatibilityVersion = "Xcode 13.0";
			developmentRegion = en;
			hasScannedForEncodings = 0;
			knownRegions = (
				en,
				Base,
			);
			mainGroup = 319ACEBD278304CF00870690;
			productRefGroup = 319ACEC7278304CF00870690 /* Products */;
			projectDirPath = "";
			projectRoot = "";
			targets = (
				319ACEC5278304CF00870690 /* CollectionViewCompositionalLayout */,
			);
		};
/* End PBXProject section */

/* Begin PBXResourcesBuildPhase section */
		319ACEC4278304CF00870690 /* Resources */ = {
			isa = PBXResourcesBuildPhase;
			buildActionMask = 2147483647;
			files = (
				319ACED6278304D300870690 /* LaunchScreen.storyboard in Resources */,
				319ACED3278304D300870690 /* Assets.xcassets in Resources */,
				319ACED1278304CF00870690 /* Main.storyboard in Resources */,
			);
			runOnlyForDeploymentPostprocessing = 0;
		};
/* End PBXResourcesBuildPhase section */

/* Begin PBXSourcesBuildPhase section */
		319ACEC2278304CF00870690 /* Sources */ = {
			isa = PBXSourcesBuildPhase;
			buildActionMask = 2147483647;
			files = (
				319ACEE027830B6300870690 /* Constants.swift in Sources */,
				319ACEDE2783051F00870690 /* CompositionalCollectionViewCell.swift in Sources */,
				319ACECE278304CF00870690 /* ViewController.swift in Sources */,
				319ACECA278304CF00870690 /* AppDelegate.swift in Sources */,
				319ACECC278304CF00870690 /* SceneDelegate.swift in Sources */,
				319ACEE82784272000870690 /* PresentationViewController.swift in Sources */,
				319ACEE227832EE000870690 /* CompositionalLayout.swift in Sources */,
			);
			runOnlyForDeploymentPostprocessing = 0;
		};
/* End PBXSourcesBuildPhase section */

/* Begin PBXVariantGroup section */
		319ACECF278304CF00870690 /* Main.storyboard */ = {
			isa = PBXVariantGroup;
			children = (
				319ACED0278304CF00870690 /* Base */,
			);
			name = Main.storyboard;
			sourceTree = "<group>";
		};
		319ACED4278304D300870690 /* LaunchScreen.storyboard */ = {
			isa = PBXVariantGroup;
			children = (
				319ACED5278304D300870690 /* Base */,
			);
			name = LaunchScreen.storyboard;
			sourceTree = "<group>";
		};
/* End PBXVariantGroup section */

/* Begin XCBuildConfiguration section */
		319ACED8278304D300870690 /* Debug */ = {
			isa = XCBuildConfiguration;
			buildSettings = {
				ALWAYS_SEARCH_USER_PATHS = NO;
				CLANG_ANALYZER_NONNULL = YES;
				CLANG_ANALYZER_NUMBER_OBJECT_CONVERSION = YES_AGGRESSIVE;
				CLANG_CXX_LANGUAGE_STANDARD = "gnu++17";
				CLANG_CXX_LIBRARY = "libc++";
				CLANG_ENABLE_MODULES = YES;
				CLANG_ENABLE_OBJC_ARC = YES;
				CLANG_ENABLE_OBJC_WEAK = YES;
				CLANG_WARN_BLOCK_CAPTURE_AUTORELEASING = YES;
				CLANG_WARN_BOOL_CONVERSION = YES;
				CLANG_WARN_COMMA = YES;
				CLANG_WARN_CONSTANT_CONVERSION = YES;
				CLANG_WARN_DEPRECATED_OBJC_IMPLEMENTATIONS = YES;
				CLANG_WARN_DIRECT_OBJC_ISA_USAGE = YES_ERROR;
				CLANG_WARN_DOCUMENTATION_COMMENTS = YES;
				CLANG_WARN_EMPTY_BODY = YES;
				CLANG_WARN_ENUM_CONVERSION = YES;
				CLANG_WARN_INFINITE_RECURSION = YES;
				CLANG_WARN_INT_CONVERSION = YES;
				CLANG_WARN_NON_LITERAL_NULL_CONVERSION = YES;
				CLANG_WARN_OBJC_IMPLICIT_RETAIN_SELF = YES;
				CLANG_WARN_OBJC_LITERAL_CONVERSION = YES;
				CLANG_WARN_OBJC_ROOT_CLASS = YES_ERROR;
				CLANG_WARN_QUOTED_INCLUDE_IN_FRAMEWORK_HEADER = YES;
				CLANG_WARN_RANGE_LOOP_ANALYSIS = YES;
				CLANG_WARN_STRICT_PROTOTYPES = YES;
				CLANG_WARN_SUSPICIOUS_MOVE = YES;
				CLANG_WARN_UNGUARDED_AVAILABILITY = YES_AGGRESSIVE;
				CLANG_WARN_UNREACHABLE_CODE = YES;
				CLANG_WARN__DUPLICATE_METHOD_MATCH = YES;
				COPY_PHASE_STRIP = NO;
				DEBUG_INFORMATION_FORMAT = dwarf;
				ENABLE_STRICT_OBJC_MSGSEND = YES;
				ENABLE_TESTABILITY = YES;
				GCC_C_LANGUAGE_STANDARD = gnu11;
				GCC_DYNAMIC_NO_PIC = NO;
				GCC_NO_COMMON_BLOCKS = YES;
				GCC_OPTIMIZATION_LEVEL = 0;
				GCC_PREPROCESSOR_DEFINITIONS = (
					"DEBUG=1",
					"$(inherited)",
				);
				GCC_WARN_64_TO_32_BIT_CONVERSION = YES;
				GCC_WARN_ABOUT_RETURN_TYPE = YES_ERROR;
				GCC_WARN_UNDECLARED_SELECTOR = YES;
				GCC_WARN_UNINITIALIZED_AUTOS = YES_AGGRESSIVE;
				GCC_WARN_UNUSED_FUNCTION = YES;
				GCC_WARN_UNUSED_VARIABLE = YES;
				IPHONEOS_DEPLOYMENT_TARGET = 15.2;
				MTL_ENABLE_DEBUG_INFO = INCLUDE_SOURCE;
				MTL_FAST_MATH = YES;
				ONLY_ACTIVE_ARCH = YES;
				SDKROOT = iphoneos;
				SWIFT_ACTIVE_COMPILATION_CONDITIONS = DEBUG;
				SWIFT_OPTIMIZATION_LEVEL = "-Onone";
			};
			name = Debug;
		};
		319ACED9278304D300870690 /* Release */ = {
			isa = XCBuildConfiguration;
			buildSettings = {
				ALWAYS_SEARCH_USER_PATHS = NO;
				CLANG_ANALYZER_NONNULL = YES;
				CLANG_ANALYZER_NUMBER_OBJECT_CONVERSION = YES_AGGRESSIVE;
				CLANG_CXX_LANGUAGE_STANDARD = "gnu++17";
				CLANG_CXX_LIBRARY = "libc++";
				CLANG_ENABLE_MODULES = YES;
				CLANG_ENABLE_OBJC_ARC = YES;
				CLANG_ENABLE_OBJC_WEAK = YES;
				CLANG_WARN_BLOCK_CAPTURE_AUTORELEASING = YES;
				CLANG_WARN_BOOL_CONVERSION = YES;
				CLANG_WARN_COMMA = YES;
				CLANG_WARN_CONSTANT_CONVERSION = YES;
				CLANG_WARN_DEPRECATED_OBJC_IMPLEMENTATIONS = YES;
				CLANG_WARN_DIRECT_OBJC_ISA_USAGE = YES_ERROR;
				CLANG_WARN_DOCUMENTATION_COMMENTS = YES;
				CLANG_WARN_EMPTY_BODY = YES;
				CLANG_WARN_ENUM_CONVERSION = YES;
				CLANG_WARN_INFINITE_RECURSION = YES;
				CLANG_WARN_INT_CONVERSION = YES;
				CLANG_WARN_NON_LITERAL_NULL_CONVERSION = YES;
				CLANG_WARN_OBJC_IMPLICIT_RETAIN_SELF = YES;
				CLANG_WARN_OBJC_LITERAL_CONVERSION = YES;
				CLANG_WARN_OBJC_ROOT_CLASS = YES_ERROR;
				CLANG_WARN_QUOTED_INCLUDE_IN_FRAMEWORK_HEADER = YES;
				CLANG_WARN_RANGE_LOOP_ANALYSIS = YES;
				CLANG_WARN_STRICT_PROTOTYPES = YES;
				CLANG_WARN_SUSPICIOUS_MOVE = YES;
				CLANG_WARN_UNGUARDED_AVAILABILITY = YES_AGGRESSIVE;
				CLANG_WARN_UNREACHABLE_CODE = YES;
				CLANG_WARN__DUPLICATE_METHOD_MATCH = YES;
				COPY_PHASE_STRIP = NO;
				DEBUG_INFORMATION_FORMAT = "dwarf-with-dsym";
				ENABLE_NS_ASSERTIONS = NO;
				ENABLE_STRICT_OBJC_MSGSEND = YES;
				GCC_C_LANGUAGE_STANDARD = gnu11;
				GCC_NO_COMMON_BLOCKS = YES;
				GCC_WARN_64_TO_32_BIT_CONVERSION = YES;
				GCC_WARN_ABOUT_RETURN_TYPE = YES_ERROR;
				GCC_WARN_UNDECLARED_SELECTOR = YES;
				GCC_WARN_UNINITIALIZED_AUTOS = YES_AGGRESSIVE;
				GCC_WARN_UNUSED_FUNCTION = YES;
				GCC_WARN_UNUSED_VARIABLE = YES;
				IPHONEOS_DEPLOYMENT_TARGET = 15.2;
				MTL_ENABLE_DEBUG_INFO = NO;
				MTL_FAST_MATH = YES;
				SDKROOT = iphoneos;
				SWIFT_COMPILATION_MODE = wholemodule;
				SWIFT_OPTIMIZATION_LEVEL = "-O";
				VALIDATE_PRODUCT = YES;
			};
			name = Release;
		};
		319ACEDB278304D300870690 /* Debug */ = {
			isa = XCBuildConfiguration;
			buildSettings = {
				ASSETCATALOG_COMPILER_APPICON_NAME = AppIcon;
				ASSETCATALOG_COMPILER_GLOBAL_ACCENT_COLOR_NAME = AccentColor;
				CODE_SIGN_STYLE = Automatic;
				CURRENT_PROJECT_VERSION = 1;
				DEVELOPMENT_TEAM = 3EGXVN72T4;
				GENERATE_INFOPLIST_FILE = YES;
				INFOPLIST_FILE = CollectionViewCompositionalLayout/Info.plist;
				INFOPLIST_KEY_UIApplicationSupportsIndirectInputEvents = YES;
				INFOPLIST_KEY_UILaunchStoryboardName = LaunchScreen;
				INFOPLIST_KEY_UIMainStoryboardFile = Main;
				INFOPLIST_KEY_UISupportedInterfaceOrientations = "";
				INFOPLIST_KEY_UISupportedInterfaceOrientations_iPad = "UIInterfaceOrientationPortrait UIInterfaceOrientationPortraitUpsideDown UIInterfaceOrientationLandscapeLeft UIInterfaceOrientationLandscapeRight";
				INFOPLIST_KEY_UISupportedInterfaceOrientations_iPhone = "UIInterfaceOrientationPortrait UIInterfaceOrientationLandscapeLeft UIInterfaceOrientationLandscapeRight";
				LD_RUNPATH_SEARCH_PATHS = (
					"$(inherited)",
					"@executable_path/Frameworks",
				);
				MARKETING_VERSION = 1.0;
				PRODUCT_BUNDLE_IDENTIFIER = com.vivek.CollectionViewCompositionalLayout;
				PRODUCT_NAME = "$(TARGET_NAME)";
				SWIFT_EMIT_LOC_STRINGS = YES;
				SWIFT_VERSION = 5.0;
				TARGETED_DEVICE_FAMILY = "1,2";
			};
			name = Debug;
		};
		319ACEDC278304D300870690 /* Release */ = {
			isa = XCBuildConfiguration;
			buildSettings = {
				ASSETCATALOG_COMPILER_APPICON_NAME = AppIcon;
				ASSETCATALOG_COMPILER_GLOBAL_ACCENT_COLOR_NAME = AccentColor;
				CODE_SIGN_STYLE = Automatic;
				CURRENT_PROJECT_VERSION = 1;
				DEVELOPMENT_TEAM = 3EGXVN72T4;
				GENERATE_INFOPLIST_FILE = YES;
				INFOPLIST_FILE = CollectionViewCompositionalLayout/Info.plist;
				INFOPLIST_KEY_UIApplicationSupportsIndirectInputEvents = YES;
				INFOPLIST_KEY_UILaunchStoryboardName = LaunchScreen;
				INFOPLIST_KEY_UIMainStoryboardFile = Main;
				INFOPLIST_KEY_UISupportedInterfaceOrientations = "";
				INFOPLIST_KEY_UISupportedInterfaceOrientations_iPad = "UIInterfaceOrientationPortrait UIInterfaceOrientationPortraitUpsideDown UIInterfaceOrientationLandscapeLeft UIInterfaceOrientationLandscapeRight";
				INFOPLIST_KEY_UISupportedInterfaceOrientations_iPhone = "UIInterfaceOrientationPortrait UIInterfaceOrientationLandscapeLeft UIInterfaceOrientationLandscapeRight";
				LD_RUNPATH_SEARCH_PATHS = (
					"$(inherited)",
					"@executable_path/Frameworks",
				);
				MARKETING_VERSION = 1.0;
				PRODUCT_BUNDLE_IDENTIFIER = com.vivek.CollectionViewCompositionalLayout;
				PRODUCT_NAME = "$(TARGET_NAME)";
				SWIFT_EMIT_LOC_STRINGS = YES;
				SWIFT_VERSION = 5.0;
				TARGETED_DEVICE_FAMILY = "1,2";
			};
			name = Release;
		};
/* End XCBuildConfiguration section */

/* Begin XCConfigurationList section */
		319ACEC1278304CF00870690 /* Build configuration list for PBXProject "CollectionViewCompositionalLayout" */ = {
			isa = XCConfigurationList;
			buildConfigurations = (
				319ACED8278304D300870690 /* Debug */,
				319ACED9278304D300870690 /* Release */,
			);
			defaultConfigurationIsVisible = 0;
			defaultConfigurationName = Release;
		};
		319ACEDA278304D300870690 /* Build configuration list for PBXNativeTarget "CollectionViewCompositionalLayout" */ = {
			isa = XCConfigurationList;
			buildConfigurations = (
				319ACEDB278304D300870690 /* Debug */,
				319ACEDC278304D300870690 /* Release */,
			);
			defaultConfigurationIsVisible = 0;
			defaultConfigurationName = Release;
		};
/* End XCConfigurationList section */
	};
	rootObject = 319ACEBE278304CF00870690 /* Project object */;
}
